{
    "name": "binary-file-viewer",
    "version": "0.1.0",
    "lockfileVersion": 2,
    "requires": true,
    "packages": {
        "": {
            "name": "binary-file-viewer",
            "version": "0.1.0",
            "license": "MIT",
            "dependencies": {
                "chart.js": "^3.6.2",
                "chartjs-plugin-zoom": "^1.2.0",
                "gif-writer": "^0.9.4",
                "hammerjs": "^2.0.8",
                "nsfw": "^2.1.2",
                "path": "^0.12.7"
            },
            "devDependencies": {
                "@types/node": "^17.0.0",
                "@types/vscode": "^1.63.0"
            },
            "engines": {
                "vscode": "^1.63.0"
            }
        },
        "node_modules/@types/node": {
            "version": "17.0.0",
            "resolved": "https://registry.npmjs.org/@types/node/-/node-17.0.0.tgz",
            "integrity": "sha512-eMhwJXc931Ihh4tkU+Y7GiLzT/y/DBNpNtr4yU9O2w3SYBsr9NaOPhQlLKRmoWtI54uNwuo0IOUFQjVOTZYRvw==",
            "dev": true
        },
        "node_modules/@types/vscode": {
            "version": "1.63.1",
            "resolved": "https://registry.npmjs.org/@types/vscode/-/vscode-1.63.1.tgz",
            "integrity": "sha512-Z+ZqjRcnGfHP86dvx/BtSwWyZPKQ/LBdmAVImY82TphyjOw2KgTKcp7Nx92oNwCTsHzlshwexAG/WiY2JuUm3g==",
            "dev": true
        },
        "node_modules/chart.js": {
            "version": "3.6.2",
            "resolved": "https://registry.npmjs.org/chart.js/-/chart.js-3.6.2.tgz",
            "integrity": "sha512-Xz7f/fgtVltfQYWq0zL1Xbv7N2inpG+B54p3D5FSvpCdy3sM+oZhbqa42eNuYXltaVvajgX5UpKCU2GeeJIgxg=="
        },
        "node_modules/chartjs-plugin-zoom": {
            "version": "1.2.0",
            "resolved": "https://registry.npmjs.org/chartjs-plugin-zoom/-/chartjs-plugin-zoom-1.2.0.tgz",
            "integrity": "sha512-cLYKUHHx4bevuZQDpEKdjpvZ6HGu6NF8laTThgA0I9af+PV1N4qVTRZmyDNh0SAzsHZPtDOhuO3I7B4CF1lstw==",
            "dependencies": {
                "hammerjs": "^2.0.8"
            },
            "peerDependencies": {
                "chart.js": "^3.2.0"
            }
        },
        "node_modules/gif-writer": {
            "version": "0.9.4",
            "resolved": "https://registry.npmjs.org/gif-writer/-/gif-writer-0.9.4.tgz",
            "integrity": "sha512-RVyEQ9Iw5ENAt0lNtfdAkeWWEIGnT393YyKFXKk2lbRfonNjxuITyaoGvdEJOJ2FVd3gXznnnhVtJrYVGLVVXw=="
        },
        "node_modules/hammerjs": {
            "version": "2.0.8",
            "resolved": "https://registry.npmjs.org/hammerjs/-/hammerjs-2.0.8.tgz",
            "integrity": "sha1-BO93hiz/K7edMPdpIJWTAiK/YPE=",
            "engines": {
                "node": ">=0.8.0"
            }
        },
        "node_modules/node-addon-api": {
            "version": "4.2.0",
            "resolved": "https://registry.npmjs.org/node-addon-api/-/node-addon-api-4.2.0.tgz",
            "integrity": "sha512-eazsqzwG2lskuzBqCGPi7Ac2UgOoMz8JVOXVhTvvPDYhthvNpefx8jWD8Np7Gv+2Sz0FlPWZk0nJV0z598Wn8Q=="
        },
        "node_modules/nsfw": {
            "version": "2.1.2",
            "resolved": "https://registry.npmjs.org/nsfw/-/nsfw-2.1.2.tgz",
            "integrity": "sha512-zGPdt32aJ5b1laK9rvgXQmXGAagrx3VkcMt0JePtu6wBfzC1o4xLCM3kq7FxZxUnxyxYhODyBYzpt3H16FhaGA==",
            "hasInstallScript": true,
            "dependencies": {
                "node-addon-api": "*"
            },
            "engines": {
                "node": ">=10.16.0"
            }
        },
        "node_modules/path": {
            "version": "0.12.7",
            "resolved": "https://registry.npmjs.org/path/-/path-0.12.7.tgz",
            "integrity": "sha1-1NwqUGxM4hl+tIHr/NWzbAFAsQ8=",
            "dependencies": {
                "process": "^0.11.1",
                "util": "^0.10.3"
            }
        },
        "node_modules/process": {
            "version": "0.11.10",
            "resolved": "https://registry.npmjs.org/process/-/process-0.11.10.tgz",
            "integrity": "sha1-czIwDoQBYb2j5podHZGn1LwW8YI=",
            "engines": {
                "node": ">= 0.6.0"
            }
        },
        "node_modules/util": {
            "version": "0.10.4",
            "resolved": "https://registry.npmjs.org/util/-/util-0.10.4.tgz",
            "integrity": "sha512-0Pm9hTQ3se5ll1XihRic3FDIku70C+iHUdT/W926rSgHV5QgXsYbKZN8MSC3tJtSkhuROzvsQjAaFENRXr+19A==",
            "dependencies": {
                "inherits": "2.0.3"
            }
        },
        "node_modules/util/node_modules/inherits": {
            "version": "2.0.3",
            "resolved": "https://registry.npmjs.org/inherits/-/inherits-2.0.3.tgz",
            "integrity": "sha1-Yzwsg+PaQqUC9SRmAiSA9CCCYd4="
        }
    },
    "dependencies": {
        "@types/node": {
            "version": "17.0.0",
            "resolved": "https://registry.npmjs.org/@types/node/-/node-17.0.0.tgz",
            "integrity": "sha512-eMhwJXc931Ihh4tkU+Y7GiLzT/y/DBNpNtr4yU9O2w3SYBsr9NaOPhQlLKRmoWtI54uNwuo0IOUFQjVOTZYRvw==",
            "dev": true
        },
        "@types/vscode": {
            "version": "1.63.1",
            "resolved": "https://registry.npmjs.org/@types/vscode/-/vscode-1.63.1.tgz",
            "integrity": "sha512-Z+ZqjRcnGfHP86dvx/BtSwWyZPKQ/LBdmAVImY82TphyjOw2KgTKcp7Nx92oNwCTsHzlshwexAG/WiY2JuUm3g==",
            "dev": true
        },
        "chart.js": {
            "version": "3.6.2",
            "resolved": "https://registry.npmjs.org/chart.js/-/chart.js-3.6.2.tgz",
            "integrity": "sha512-Xz7f/fgtVltfQYWq0zL1Xbv7N2inpG+B54p3D5FSvpCdy3sM+oZhbqa42eNuYXltaVvajgX5UpKCU2GeeJIgxg=="
        },
        "chartjs-plugin-zoom": {
            "version": "1.2.0",
            "resolved": "https://registry.npmjs.org/chartjs-plugin-zoom/-/chartjs-plugin-zoom-1.2.0.tgz",
            "integrity": "sha512-cLYKUHHx4bevuZQDpEKdjpvZ6HGu6NF8laTThgA0I9af+PV1N4qVTRZmyDNh0SAzsHZPtDOhuO3I7B4CF1lstw==",
            "requires": {
                "hammerjs": "^2.0.8"
            }
        },
        "gif-writer": {
            "version": "0.9.4",
            "resolved": "https://registry.npmjs.org/gif-writer/-/gif-writer-0.9.4.tgz",
            "integrity": "sha512-RVyEQ9Iw5ENAt0lNtfdAkeWWEIGnT393YyKFXKk2lbRfonNjxuITyaoGvdEJOJ2FVd3gXznnnhVtJrYVGLVVXw=="
        },
        "hammerjs": {
            "version": "2.0.8",
            "resolved": "https://registry.npmjs.org/hammerjs/-/hammerjs-2.0.8.tgz",
            "integrity": "sha1-BO93hiz/K7edMPdpIJWTAiK/YPE="
        },
        "node-addon-api": {
            "version": "4.2.0",
            "resolved": "https://registry.npmjs.org/node-addon-api/-/node-addon-api-4.2.0.tgz",
            "integrity": "sha512-eazsqzwG2lskuzBqCGPi7Ac2UgOoMz8JVOXVhTvvPDYhthvNpefx8jWD8Np7Gv+2Sz0FlPWZk0nJV0z598Wn8Q=="
        },
        "nsfw": {
            "version": "2.1.2",
            "resolved": "https://registry.npmjs.org/nsfw/-/nsfw-2.1.2.tgz",
            "integrity": "sha512-zGPdt32aJ5b1laK9rvgXQmXGAagrx3VkcMt0JePtu6wBfzC1o4xLCM3kq7FxZxUnxyxYhODyBYzpt3H16FhaGA==",
            "requires": {
                "node-addon-api": "*"
            }
        },
        "path": {
            "version": "0.12.7",
            "resolved": "https://registry.npmjs.org/path/-/path-0.12.7.tgz",
            "integrity": "sha1-1NwqUGxM4hl+tIHr/NWzbAFAsQ8=",
            "requires": {
                "process": "^0.11.1",
                "util": "^0.10.3"
            }
        },
        "process": {
            "version": "0.11.10",
            "resolved": "https://registry.npmjs.org/process/-/process-0.11.10.tgz",
            "integrity": "sha1-czIwDoQBYb2j5podHZGn1LwW8YI="
        },
        "util": {
            "version": "0.10.4",
            "resolved": "https://registry.npmjs.org/util/-/util-0.10.4.tgz",
            "integrity": "sha512-0Pm9hTQ3se5ll1XihRic3FDIku70C+iHUdT/W926rSgHV5QgXsYbKZN8MSC3tJtSkhuROzvsQjAaFENRXr+19A==",
            "requires": {
                "inherits": "2.0.3"
            },
            "dependencies": {
                "inherits": {
                    "version": "2.0.3",
                    "resolved": "https://registry.npmjs.org/inherits/-/inherits-2.0.3.tgz",
                    "integrity": "sha1-Yzwsg+PaQqUC9SRmAiSA9CCCYd4="
                }
            }
        }
    }
}
