{
    "name": "binary-file-viewer",
    "version": "1.2.0",
    "lockfileVersion": 2,
    "requires": true,
    "packages": {
        "": {
            "name": "binary-file-viewer",
            "version": "1.2.0",
            "license": "MIT",
            "dependencies": {
                "chart.js": "^3.6.2",
                "chartjs-plugin-zoom": "^1.2.0",
                "hammerjs": "^2.0.8",
                "path": "^0.12.7",
                "posthtml": "^0.16.5",
                "posthtml-toc": "^1.0.3",
                "showdown": "^1.9.1"
            },
            "devDependencies": {
                "@types/node": "^17.0.0",
                "@types/vscode": "^1.63.0"
            },
            "engines": {
                "vscode": "^1.63.0"
            }
        },
        "node_modules/@types/node": {
            "version": "17.0.0",
            "resolved": "https://registry.npmjs.org/@types/node/-/node-17.0.0.tgz",
            "integrity": "sha512-eMhwJXc931Ihh4tkU+Y7GiLzT/y/DBNpNtr4yU9O2w3SYBsr9NaOPhQlLKRmoWtI54uNwuo0IOUFQjVOTZYRvw==",
            "dev": true
        },
        "node_modules/@types/vscode": {
            "version": "1.63.1",
            "resolved": "https://registry.npmjs.org/@types/vscode/-/vscode-1.63.1.tgz",
            "integrity": "sha512-Z+ZqjRcnGfHP86dvx/BtSwWyZPKQ/LBdmAVImY82TphyjOw2KgTKcp7Nx92oNwCTsHzlshwexAG/WiY2JuUm3g==",
            "dev": true
        },
        "node_modules/ansi-regex": {
            "version": "4.1.0",
            "resolved": "https://registry.npmjs.org/ansi-regex/-/ansi-regex-4.1.0.tgz",
            "integrity": "sha512-1apePfXM1UOSqw0o9IiFAovVz9M5S1Dg+4TrDwfMewQ6p/rmMueb7tWZjQ1rx4Loy1ArBggoqGpfqqdI4rondg==",
            "engines": {
                "node": ">=6"
            }
        },
        "node_modules/ansi-styles": {
            "version": "3.2.1",
            "resolved": "https://registry.npmjs.org/ansi-styles/-/ansi-styles-3.2.1.tgz",
            "integrity": "sha512-VT0ZI6kZRdTh8YyJw3SMbYm/u+NqfsAxEpWO0Pf9sq8/e94WxxOpPKx9FR1FlyCtOVDNOQ+8ntlqFxiRc+r5qA==",
            "dependencies": {
                "color-convert": "^1.9.0"
            },
            "engines": {
                "node": ">=4"
            }
        },
        "node_modules/camelcase": {
            "version": "5.3.1",
            "resolved": "https://registry.npmjs.org/camelcase/-/camelcase-5.3.1.tgz",
            "integrity": "sha512-L28STB170nwWS63UjtlEOE3dldQApaJXZkOI1uMFfzf3rRuPegHaHesyee+YxQ+W6SvRDQV6UrdOdRiR153wJg==",
            "engines": {
                "node": ">=6"
            }
        },
        "node_modules/chart.js": {
            "version": "3.6.2",
            "resolved": "https://registry.npmjs.org/chart.js/-/chart.js-3.6.2.tgz",
            "integrity": "sha512-Xz7f/fgtVltfQYWq0zL1Xbv7N2inpG+B54p3D5FSvpCdy3sM+oZhbqa42eNuYXltaVvajgX5UpKCU2GeeJIgxg=="
        },
        "node_modules/chartjs-plugin-zoom": {
            "version": "1.2.0",
            "resolved": "https://registry.npmjs.org/chartjs-plugin-zoom/-/chartjs-plugin-zoom-1.2.0.tgz",
            "integrity": "sha512-cLYKUHHx4bevuZQDpEKdjpvZ6HGu6NF8laTThgA0I9af+PV1N4qVTRZmyDNh0SAzsHZPtDOhuO3I7B4CF1lstw==",
            "dependencies": {
                "hammerjs": "^2.0.8"
            },
            "peerDependencies": {
                "chart.js": "^3.2.0"
            }
        },
        "node_modules/cliui": {
            "version": "5.0.0",
            "resolved": "https://registry.npmjs.org/cliui/-/cliui-5.0.0.tgz",
            "integrity": "sha512-PYeGSEmmHM6zvoef2w8TPzlrnNpXIjTipYK780YswmIP9vjxmd6Y2a3CB2Ks6/AU8NHjZugXvo8w3oWM2qnwXA==",
            "dependencies": {
                "string-width": "^3.1.0",
                "strip-ansi": "^5.2.0",
                "wrap-ansi": "^5.1.0"
            }
        },
        "node_modules/color-convert": {
            "version": "1.9.3",
            "resolved": "https://registry.npmjs.org/color-convert/-/color-convert-1.9.3.tgz",
            "integrity": "sha512-QfAUtd+vFdAtFQcC8CCyYt1fYWxSqAiK2cSD6zDB8N3cpsEBAvRxp9zOGg6G/SHHJYAT88/az/IuDGALsNVbGg==",
            "dependencies": {
                "color-name": "1.1.3"
            }
        },
        "node_modules/color-name": {
            "version": "1.1.3",
            "resolved": "https://registry.npmjs.org/color-name/-/color-name-1.1.3.tgz",
            "integrity": "sha1-p9BVi9icQveV3UIyj3QIMcpTvCU="
        },
        "node_modules/decamelize": {
            "version": "1.2.0",
            "resolved": "https://registry.npmjs.org/decamelize/-/decamelize-1.2.0.tgz",
            "integrity": "sha1-9lNNFRSCabIDUue+4m9QH5oZEpA=",
            "engines": {
                "node": ">=0.10.0"
            }
        },
        "node_modules/dom-serializer": {
            "version": "1.3.2",
            "resolved": "https://registry.npmjs.org/dom-serializer/-/dom-serializer-1.3.2.tgz",
            "integrity": "sha512-5c54Bk5Dw4qAxNOI1pFEizPSjVsx5+bpJKmL2kPn8JhBUq2q09tTCa3mjijun2NfK78NMouDYNMBkOrPZiS+ig==",
            "dependencies": {
                "domelementtype": "^2.0.1",
                "domhandler": "^4.2.0",
                "entities": "^2.0.0"
            },
            "funding": {
                "url": "https://github.com/cheeriojs/dom-serializer?sponsor=1"
            }
        },
        "node_modules/dom-serializer/node_modules/entities": {
            "version": "2.2.0",
            "resolved": "https://registry.npmjs.org/entities/-/entities-2.2.0.tgz",
            "integrity": "sha512-p92if5Nz619I0w+akJrLZH0MX0Pb5DX39XOwQTtXSdQQOaYH03S1uIQp4mhOZtAXrxq4ViO67YTiLBo2638o9A==",
            "funding": {
                "url": "https://github.com/fb55/entities?sponsor=1"
            }
        },
        "node_modules/domelementtype": {
            "version": "2.2.0",
            "resolved": "https://registry.npmjs.org/domelementtype/-/domelementtype-2.2.0.tgz",
            "integrity": "sha512-DtBMo82pv1dFtUmHyr48beiuq792Sxohr+8Hm9zoxklYPfa6n0Z3Byjj2IV7bmr2IyqClnqEQhfgHJJ5QF0R5A==",
            "funding": [
                {
                    "type": "github",
                    "url": "https://github.com/sponsors/fb55"
                }
            ]
        },
        "node_modules/domhandler": {
            "version": "4.3.0",
            "resolved": "https://registry.npmjs.org/domhandler/-/domhandler-4.3.0.tgz",
            "integrity": "sha512-fC0aXNQXqKSFTr2wDNZDhsEYjCiYsDWl3D01kwt25hm1YIPyDGHvvi3rw+PLqHAl/m71MaiF7d5zvBr0p5UB2g==",
            "dependencies": {
                "domelementtype": "^2.2.0"
            },
            "engines": {
                "node": ">= 4"
            },
            "funding": {
                "url": "https://github.com/fb55/domhandler?sponsor=1"
            }
        },
        "node_modules/domutils": {
            "version": "2.8.0",
            "resolved": "https://registry.npmjs.org/domutils/-/domutils-2.8.0.tgz",
            "integrity": "sha512-w96Cjofp72M5IIhpjgobBimYEfoPjx1Vx0BSX9P30WBdZW2WIKU0T1Bd0kz2eNZ9ikjKgHbEyKx8BB6H1L3h3A==",
            "dependencies": {
                "dom-serializer": "^1.0.1",
                "domelementtype": "^2.2.0",
                "domhandler": "^4.2.0"
            },
            "funding": {
                "url": "https://github.com/fb55/domutils?sponsor=1"
            }
        },
        "node_modules/emoji-regex": {
            "version": "7.0.3",
            "resolved": "https://registry.npmjs.org/emoji-regex/-/emoji-regex-7.0.3.tgz",
            "integrity": "sha512-CwBLREIQ7LvYFB0WyRvwhq5N5qPhc6PMjD6bYggFlI5YyDgl+0vxq5VHbMOFqLg7hfWzmu8T5Z1QofhmTIhItA=="
        },
        "node_modules/entities": {
            "version": "3.0.1",
            "resolved": "https://registry.npmjs.org/entities/-/entities-3.0.1.tgz",
            "integrity": "sha512-WiyBqoomrwMdFG1e0kqvASYfnlb0lp8M5o5Fw2OFq1hNZxxcNk8Ik0Xm7LxzBhuidnZB/UtBqVCgUz3kBOP51Q==",
            "engines": {
                "node": ">=0.12"
            },
            "funding": {
                "url": "https://github.com/fb55/entities?sponsor=1"
            }
        },
        "node_modules/find-up": {
            "version": "3.0.0",
            "resolved": "https://registry.npmjs.org/find-up/-/find-up-3.0.0.tgz",
            "integrity": "sha512-1yD6RmLI1XBfxugvORwlck6f75tYL+iR0jqwsOrOxMZyGYqUuDhJ0l4AXdO1iX/FTs9cBAMEk1gWSEx1kSbylg==",
            "dependencies": {
                "locate-path": "^3.0.0"
            },
            "engines": {
                "node": ">=6"
            }
        },
        "node_modules/get-caller-file": {
            "version": "2.0.5",
            "resolved": "https://registry.npmjs.org/get-caller-file/-/get-caller-file-2.0.5.tgz",
            "integrity": "sha512-DyFP3BM/3YHTQOCUL/w0OZHR0lpKeGrxotcHWcqNEdnltqFwXVfhEBQ94eIo34AfQpo0rGki4cyIiftY06h2Fg==",
            "engines": {
                "node": "6.* || 8.* || >= 10.*"
            }
        },
        "node_modules/hammerjs": {
            "version": "2.0.8",
            "resolved": "https://registry.npmjs.org/hammerjs/-/hammerjs-2.0.8.tgz",
            "integrity": "sha1-BO93hiz/K7edMPdpIJWTAiK/YPE=",
            "engines": {
                "node": ">=0.8.0"
            }
        },
        "node_modules/htmlparser2": {
            "version": "7.2.0",
            "resolved": "https://registry.npmjs.org/htmlparser2/-/htmlparser2-7.2.0.tgz",
            "integrity": "sha512-H7MImA4MS6cw7nbyURtLPO1Tms7C5H602LRETv95z1MxO/7CP7rDVROehUYeYBUYEON94NXXDEPmZuq+hX4sog==",
            "funding": [
                "https://github.com/fb55/htmlparser2?sponsor=1",
                {
                    "type": "github",
                    "url": "https://github.com/sponsors/fb55"
                }
            ],
            "dependencies": {
                "domelementtype": "^2.0.1",
                "domhandler": "^4.2.2",
                "domutils": "^2.8.0",
                "entities": "^3.0.1"
            }
        },
        "node_modules/is-fullwidth-code-point": {
            "version": "2.0.0",
            "resolved": "https://registry.npmjs.org/is-fullwidth-code-point/-/is-fullwidth-code-point-2.0.0.tgz",
            "integrity": "sha1-o7MKXE8ZkYMWeqq5O+764937ZU8=",
            "engines": {
                "node": ">=4"
            }
        },
        "node_modules/is-json": {
            "version": "2.0.1",
            "resolved": "https://registry.npmjs.org/is-json/-/is-json-2.0.1.tgz",
            "integrity": "sha1-a+Fm0USCihMdaGiRuYPfYsOUkf8="
        },
        "node_modules/locate-path": {
            "version": "3.0.0",
            "resolved": "https://registry.npmjs.org/locate-path/-/locate-path-3.0.0.tgz",
            "integrity": "sha512-7AO748wWnIhNqAuaty2ZWHkQHRSNfPVIsPIfwEOWO22AmaoVrWavlOcMR5nzTLNYvp36X220/maaRsrec1G65A==",
            "dependencies": {
                "p-locate": "^3.0.0",
                "path-exists": "^3.0.0"
            },
            "engines": {
                "node": ">=6"
            }
        },
        "node_modules/p-limit": {
            "version": "2.3.0",
            "resolved": "https://registry.npmjs.org/p-limit/-/p-limit-2.3.0.tgz",
            "integrity": "sha512-//88mFWSJx8lxCzwdAABTJL2MyWB12+eIY7MDL2SqLmAkeKU9qxRvWuSyTjm3FUmpBEMuFfckAIqEaVGUDxb6w==",
            "dependencies": {
                "p-try": "^2.0.0"
            },
            "engines": {
                "node": ">=6"
            },
            "funding": {
                "url": "https://github.com/sponsors/sindresorhus"
            }
        },
        "node_modules/p-locate": {
            "version": "3.0.0",
            "resolved": "https://registry.npmjs.org/p-locate/-/p-locate-3.0.0.tgz",
            "integrity": "sha512-x+12w/To+4GFfgJhBEpiDcLozRJGegY+Ei7/z0tSLkMmxGZNybVMSfWj9aJn8Z5Fc7dBUNJOOVgPv2H7IwulSQ==",
            "dependencies": {
                "p-limit": "^2.0.0"
            },
            "engines": {
                "node": ">=6"
            }
        },
        "node_modules/p-try": {
            "version": "2.2.0",
            "resolved": "https://registry.npmjs.org/p-try/-/p-try-2.2.0.tgz",
            "integrity": "sha512-R4nPAVTAU0B9D35/Gk3uJf/7XYbQcyohSKdvAxIRSNghFl4e71hVoGnBNQz9cWaXxO2I10KTC+3jMdvvoKw6dQ==",
            "engines": {
                "node": ">=6"
            }
        },
        "node_modules/path": {
            "version": "0.12.7",
            "resolved": "https://registry.npmjs.org/path/-/path-0.12.7.tgz",
            "integrity": "sha1-1NwqUGxM4hl+tIHr/NWzbAFAsQ8=",
            "dependencies": {
                "process": "^0.11.1",
                "util": "^0.10.3"
            }
        },
        "node_modules/path-exists": {
            "version": "3.0.0",
            "resolved": "https://registry.npmjs.org/path-exists/-/path-exists-3.0.0.tgz",
            "integrity": "sha1-zg6+ql94yxiSXqfYENe1mwEP1RU=",
            "engines": {
                "node": ">=4"
            }
        },
        "node_modules/posthtml": {
            "version": "0.16.5",
            "resolved": "https://registry.npmjs.org/posthtml/-/posthtml-0.16.5.tgz",
            "integrity": "sha512-1qOuPsywVlvymhTFIBniDXwUDwvlDri5KUQuBqjmCc8Jj4b/HDSVWU//P6rTWke5rzrk+vj7mms2w8e1vD0nnw==",
            "dependencies": {
                "posthtml-parser": "^0.10.0",
                "posthtml-render": "^3.0.0"
            },
            "engines": {
                "node": ">=12.0.0"
            }
        },
        "node_modules/posthtml-parser": {
            "version": "0.10.1",
            "resolved": "https://registry.npmjs.org/posthtml-parser/-/posthtml-parser-0.10.1.tgz",
            "integrity": "sha512-i7w2QEHqiGtsvNNPty0Mt/+ERch7wkgnFh3+JnBI2VgDbGlBqKW9eDVd3ENUhE1ujGFe3e3E/odf7eKhvLUyDg==",
            "dependencies": {
                "htmlparser2": "^7.1.1"
            },
            "engines": {
                "node": ">=12"
            }
        },
        "node_modules/posthtml-render": {
            "version": "3.0.0",
            "resolved": "https://registry.npmjs.org/posthtml-render/-/posthtml-render-3.0.0.tgz",
            "integrity": "sha512-z+16RoxK3fUPgwaIgH9NGnK1HKY9XIDpydky5eQGgAFVXTCSezalv9U2jQuNV+Z9qV1fDWNzldcw4eK0SSbqKA==",
            "dependencies": {
                "is-json": "^2.0.1"
            },
            "engines": {
                "node": ">=12"
            }
        },
        "node_modules/posthtml-toc": {
            "version": "1.0.3",
            "resolved": "https://registry.npmjs.org/posthtml-toc/-/posthtml-toc-1.0.3.tgz",
            "integrity": "sha512-b2ZBRQ8IT3zkO+P2/q3wFNr6KvZq7rHvL2HOaIeM3wXsYo+AC8vga+kbiDTDefHjm2Mihj+pPTwNy1pWmTvOZg==",
            "engines": {
                "node": ">=8"
            }
        },
        "node_modules/process": {
            "version": "0.11.10",
            "resolved": "https://registry.npmjs.org/process/-/process-0.11.10.tgz",
            "integrity": "sha1-czIwDoQBYb2j5podHZGn1LwW8YI=",
            "engines": {
                "node": ">= 0.6.0"
            }
        },
        "node_modules/require-directory": {
            "version": "2.1.1",
            "resolved": "https://registry.npmjs.org/require-directory/-/require-directory-2.1.1.tgz",
            "integrity": "sha1-jGStX9MNqxyXbiNE/+f3kqam30I=",
            "engines": {
                "node": ">=0.10.0"
            }
        },
        "node_modules/require-main-filename": {
            "version": "2.0.0",
            "resolved": "https://registry.npmjs.org/require-main-filename/-/require-main-filename-2.0.0.tgz",
            "integrity": "sha512-NKN5kMDylKuldxYLSUfrbo5Tuzh4hd+2E8NPPX02mZtn1VuREQToYe/ZdlJy+J3uCpfaiGF05e7B8W0iXbQHmg=="
        },
        "node_modules/set-blocking": {
            "version": "2.0.0",
            "resolved": "https://registry.npmjs.org/set-blocking/-/set-blocking-2.0.0.tgz",
            "integrity": "sha1-BF+XgtARrppoA93TgrJDkrPYkPc="
        },
        "node_modules/showdown": {
            "version": "1.9.1",
            "resolved": "https://registry.npmjs.org/showdown/-/showdown-1.9.1.tgz",
            "integrity": "sha512-9cGuS382HcvExtf5AHk7Cb4pAeQQ+h0eTr33V1mu+crYWV4KvWAw6el92bDrqGEk5d46Ai/fhbEUwqJ/mTCNEA==",
            "dependencies": {
                "yargs": "^14.2"
            },
            "bin": {
                "showdown": "bin/showdown.js"
            }
        },
        "node_modules/string-width": {
            "version": "3.1.0",
            "resolved": "https://registry.npmjs.org/string-width/-/string-width-3.1.0.tgz",
            "integrity": "sha512-vafcv6KjVZKSgz06oM/H6GDBrAtz8vdhQakGjFIvNrHA6y3HCF1CInLy+QLq8dTJPQ1b+KDUqDFctkdRW44e1w==",
            "dependencies": {
                "emoji-regex": "^7.0.1",
                "is-fullwidth-code-point": "^2.0.0",
                "strip-ansi": "^5.1.0"
            },
            "engines": {
                "node": ">=6"
            }
        },
        "node_modules/strip-ansi": {
            "version": "5.2.0",
            "resolved": "https://registry.npmjs.org/strip-ansi/-/strip-ansi-5.2.0.tgz",
            "integrity": "sha512-DuRs1gKbBqsMKIZlrffwlug8MHkcnpjs5VPmL1PAh+mA30U0DTotfDZ0d2UUsXpPmPmMMJ6W773MaA3J+lbiWA==",
            "dependencies": {
                "ansi-regex": "^4.1.0"
            },
            "engines": {
                "node": ">=6"
            }
        },
        "node_modules/util": {
            "version": "0.10.4",
            "resolved": "https://registry.npmjs.org/util/-/util-0.10.4.tgz",
            "integrity": "sha512-0Pm9hTQ3se5ll1XihRic3FDIku70C+iHUdT/W926rSgHV5QgXsYbKZN8MSC3tJtSkhuROzvsQjAaFENRXr+19A==",
            "dependencies": {
                "inherits": "2.0.3"
            }
        },
        "node_modules/util/node_modules/inherits": {
            "version": "2.0.3",
            "resolved": "https://registry.npmjs.org/inherits/-/inherits-2.0.3.tgz",
            "integrity": "sha1-Yzwsg+PaQqUC9SRmAiSA9CCCYd4="
        },
        "node_modules/which-module": {
            "version": "2.0.0",
            "resolved": "https://registry.npmjs.org/which-module/-/which-module-2.0.0.tgz",
            "integrity": "sha1-2e8H3Od7mQK4o6j6SzHD4/fm6Ho="
        },
        "node_modules/wrap-ansi": {
            "version": "5.1.0",
            "resolved": "https://registry.npmjs.org/wrap-ansi/-/wrap-ansi-5.1.0.tgz",
            "integrity": "sha512-QC1/iN/2/RPVJ5jYK8BGttj5z83LmSKmvbvrXPNCLZSEb32KKVDJDl/MOt2N01qU2H/FkzEa9PKto1BqDjtd7Q==",
            "dependencies": {
                "ansi-styles": "^3.2.0",
                "string-width": "^3.0.0",
                "strip-ansi": "^5.0.0"
            },
            "engines": {
                "node": ">=6"
            }
        },
        "node_modules/y18n": {
            "version": "4.0.3",
            "resolved": "https://registry.npmjs.org/y18n/-/y18n-4.0.3.tgz",
            "integrity": "sha512-JKhqTOwSrqNA1NY5lSztJ1GrBiUodLMmIZuLiDaMRJ+itFd+ABVE8XBjOvIWL+rSqNDC74LCSFmlb/U4UZ4hJQ=="
        },
        "node_modules/yargs": {
            "version": "14.2.3",
            "resolved": "https://registry.npmjs.org/yargs/-/yargs-14.2.3.tgz",
            "integrity": "sha512-ZbotRWhF+lkjijC/VhmOT9wSgyBQ7+zr13+YLkhfsSiTriYsMzkTUFP18pFhWwBeMa5gUc1MzbhrO6/VB7c9Xg==",
            "dependencies": {
                "cliui": "^5.0.0",
                "decamelize": "^1.2.0",
                "find-up": "^3.0.0",
                "get-caller-file": "^2.0.1",
                "require-directory": "^2.1.1",
                "require-main-filename": "^2.0.0",
                "set-blocking": "^2.0.0",
                "string-width": "^3.0.0",
                "which-module": "^2.0.0",
                "y18n": "^4.0.0",
                "yargs-parser": "^15.0.1"
            }
        },
        "node_modules/yargs-parser": {
            "version": "15.0.3",
            "resolved": "https://registry.npmjs.org/yargs-parser/-/yargs-parser-15.0.3.tgz",
            "integrity": "sha512-/MVEVjTXy/cGAjdtQf8dW3V9b97bPN7rNn8ETj6BmAQL7ibC7O1Q9SPJbGjgh3SlwoBNXMzj/ZGIj8mBgl12YA==",
            "dependencies": {
                "camelcase": "^5.0.0",
                "decamelize": "^1.2.0"
            }
        }
    },
    "dependencies": {
        "@types/node": {
            "version": "17.0.0",
            "resolved": "https://registry.npmjs.org/@types/node/-/node-17.0.0.tgz",
            "integrity": "sha512-eMhwJXc931Ihh4tkU+Y7GiLzT/y/DBNpNtr4yU9O2w3SYBsr9NaOPhQlLKRmoWtI54uNwuo0IOUFQjVOTZYRvw==",
            "dev": true
        },
        "@types/vscode": {
            "version": "1.63.1",
            "resolved": "https://registry.npmjs.org/@types/vscode/-/vscode-1.63.1.tgz",
            "integrity": "sha512-Z+ZqjRcnGfHP86dvx/BtSwWyZPKQ/LBdmAVImY82TphyjOw2KgTKcp7Nx92oNwCTsHzlshwexAG/WiY2JuUm3g==",
            "dev": true
        },
        "ansi-regex": {
            "version": "4.1.0",
            "resolved": "https://registry.npmjs.org/ansi-regex/-/ansi-regex-4.1.0.tgz",
            "integrity": "sha512-1apePfXM1UOSqw0o9IiFAovVz9M5S1Dg+4TrDwfMewQ6p/rmMueb7tWZjQ1rx4Loy1ArBggoqGpfqqdI4rondg=="
        },
        "ansi-styles": {
            "version": "3.2.1",
            "resolved": "https://registry.npmjs.org/ansi-styles/-/ansi-styles-3.2.1.tgz",
            "integrity": "sha512-VT0ZI6kZRdTh8YyJw3SMbYm/u+NqfsAxEpWO0Pf9sq8/e94WxxOpPKx9FR1FlyCtOVDNOQ+8ntlqFxiRc+r5qA==",
            "requires": {
                "color-convert": "^1.9.0"
            }
        },
        "camelcase": {
            "version": "5.3.1",
            "resolved": "https://registry.npmjs.org/camelcase/-/camelcase-5.3.1.tgz",
            "integrity": "sha512-L28STB170nwWS63UjtlEOE3dldQApaJXZkOI1uMFfzf3rRuPegHaHesyee+YxQ+W6SvRDQV6UrdOdRiR153wJg=="
        },
        "chart.js": {
            "version": "3.6.2",
            "resolved": "https://registry.npmjs.org/chart.js/-/chart.js-3.6.2.tgz",
            "integrity": "sha512-Xz7f/fgtVltfQYWq0zL1Xbv7N2inpG+B54p3D5FSvpCdy3sM+oZhbqa42eNuYXltaVvajgX5UpKCU2GeeJIgxg=="
        },
        "chartjs-plugin-zoom": {
            "version": "1.2.0",
            "resolved": "https://registry.npmjs.org/chartjs-plugin-zoom/-/chartjs-plugin-zoom-1.2.0.tgz",
            "integrity": "sha512-cLYKUHHx4bevuZQDpEKdjpvZ6HGu6NF8laTThgA0I9af+PV1N4qVTRZmyDNh0SAzsHZPtDOhuO3I7B4CF1lstw==",
            "requires": {
                "hammerjs": "^2.0.8"
            }
        },
        "cliui": {
            "version": "5.0.0",
            "resolved": "https://registry.npmjs.org/cliui/-/cliui-5.0.0.tgz",
            "integrity": "sha512-PYeGSEmmHM6zvoef2w8TPzlrnNpXIjTipYK780YswmIP9vjxmd6Y2a3CB2Ks6/AU8NHjZugXvo8w3oWM2qnwXA==",
            "requires": {
                "string-width": "^3.1.0",
                "strip-ansi": "^5.2.0",
                "wrap-ansi": "^5.1.0"
            }
        },
        "color-convert": {
            "version": "1.9.3",
            "resolved": "https://registry.npmjs.org/color-convert/-/color-convert-1.9.3.tgz",
            "integrity": "sha512-QfAUtd+vFdAtFQcC8CCyYt1fYWxSqAiK2cSD6zDB8N3cpsEBAvRxp9zOGg6G/SHHJYAT88/az/IuDGALsNVbGg==",
            "requires": {
                "color-name": "1.1.3"
            }
        },
        "color-name": {
            "version": "1.1.3",
            "resolved": "https://registry.npmjs.org/color-name/-/color-name-1.1.3.tgz",
            "integrity": "sha1-p9BVi9icQveV3UIyj3QIMcpTvCU="
        },
        "decamelize": {
            "version": "1.2.0",
            "resolved": "https://registry.npmjs.org/decamelize/-/decamelize-1.2.0.tgz",
            "integrity": "sha1-9lNNFRSCabIDUue+4m9QH5oZEpA="
        },
        "dom-serializer": {
            "version": "1.3.2",
            "resolved": "https://registry.npmjs.org/dom-serializer/-/dom-serializer-1.3.2.tgz",
            "integrity": "sha512-5c54Bk5Dw4qAxNOI1pFEizPSjVsx5+bpJKmL2kPn8JhBUq2q09tTCa3mjijun2NfK78NMouDYNMBkOrPZiS+ig==",
            "requires": {
                "domelementtype": "^2.0.1",
                "domhandler": "^4.2.0",
                "entities": "^2.0.0"
            },
            "dependencies": {
                "entities": {
                    "version": "2.2.0",
                    "resolved": "https://registry.npmjs.org/entities/-/entities-2.2.0.tgz",
                    "integrity": "sha512-p92if5Nz619I0w+akJrLZH0MX0Pb5DX39XOwQTtXSdQQOaYH03S1uIQp4mhOZtAXrxq4ViO67YTiLBo2638o9A=="
                }
            }
        },
        "domelementtype": {
            "version": "2.2.0",
            "resolved": "https://registry.npmjs.org/domelementtype/-/domelementtype-2.2.0.tgz",
            "integrity": "sha512-DtBMo82pv1dFtUmHyr48beiuq792Sxohr+8Hm9zoxklYPfa6n0Z3Byjj2IV7bmr2IyqClnqEQhfgHJJ5QF0R5A=="
        },
        "domhandler": {
            "version": "4.3.0",
            "resolved": "https://registry.npmjs.org/domhandler/-/domhandler-4.3.0.tgz",
            "integrity": "sha512-fC0aXNQXqKSFTr2wDNZDhsEYjCiYsDWl3D01kwt25hm1YIPyDGHvvi3rw+PLqHAl/m71MaiF7d5zvBr0p5UB2g==",
            "requires": {
                "domelementtype": "^2.2.0"
            }
        },
        "domutils": {
            "version": "2.8.0",
            "resolved": "https://registry.npmjs.org/domutils/-/domutils-2.8.0.tgz",
            "integrity": "sha512-w96Cjofp72M5IIhpjgobBimYEfoPjx1Vx0BSX9P30WBdZW2WIKU0T1Bd0kz2eNZ9ikjKgHbEyKx8BB6H1L3h3A==",
            "requires": {
                "dom-serializer": "^1.0.1",
                "domelementtype": "^2.2.0",
                "domhandler": "^4.2.0"
            }
        },
        "emoji-regex": {
            "version": "7.0.3",
            "resolved": "https://registry.npmjs.org/emoji-regex/-/emoji-regex-7.0.3.tgz",
            "integrity": "sha512-CwBLREIQ7LvYFB0WyRvwhq5N5qPhc6PMjD6bYggFlI5YyDgl+0vxq5VHbMOFqLg7hfWzmu8T5Z1QofhmTIhItA=="
        },
        "entities": {
            "version": "3.0.1",
            "resolved": "https://registry.npmjs.org/entities/-/entities-3.0.1.tgz",
            "integrity": "sha512-WiyBqoomrwMdFG1e0kqvASYfnlb0lp8M5o5Fw2OFq1hNZxxcNk8Ik0Xm7LxzBhuidnZB/UtBqVCgUz3kBOP51Q=="
        },
        "find-up": {
            "version": "3.0.0",
            "resolved": "https://registry.npmjs.org/find-up/-/find-up-3.0.0.tgz",
            "integrity": "sha512-1yD6RmLI1XBfxugvORwlck6f75tYL+iR0jqwsOrOxMZyGYqUuDhJ0l4AXdO1iX/FTs9cBAMEk1gWSEx1kSbylg==",
            "requires": {
                "locate-path": "^3.0.0"
            }
        },
        "get-caller-file": {
            "version": "2.0.5",
            "resolved": "https://registry.npmjs.org/get-caller-file/-/get-caller-file-2.0.5.tgz",
            "integrity": "sha512-DyFP3BM/3YHTQOCUL/w0OZHR0lpKeGrxotcHWcqNEdnltqFwXVfhEBQ94eIo34AfQpo0rGki4cyIiftY06h2Fg=="
        },
        "hammerjs": {
            "version": "2.0.8",
            "resolved": "https://registry.npmjs.org/hammerjs/-/hammerjs-2.0.8.tgz",
            "integrity": "sha1-BO93hiz/K7edMPdpIJWTAiK/YPE="
        },
        "htmlparser2": {
            "version": "7.2.0",
            "resolved": "https://registry.npmjs.org/htmlparser2/-/htmlparser2-7.2.0.tgz",
            "integrity": "sha512-H7MImA4MS6cw7nbyURtLPO1Tms7C5H602LRETv95z1MxO/7CP7rDVROehUYeYBUYEON94NXXDEPmZuq+hX4sog==",
            "requires": {
                "domelementtype": "^2.0.1",
                "domhandler": "^4.2.2",
                "domutils": "^2.8.0",
                "entities": "^3.0.1"
            }
        },
        "is-fullwidth-code-point": {
            "version": "2.0.0",
            "resolved": "https://registry.npmjs.org/is-fullwidth-code-point/-/is-fullwidth-code-point-2.0.0.tgz",
            "integrity": "sha1-o7MKXE8ZkYMWeqq5O+764937ZU8="
        },
        "is-json": {
            "version": "2.0.1",
            "resolved": "https://registry.npmjs.org/is-json/-/is-json-2.0.1.tgz",
            "integrity": "sha1-a+Fm0USCihMdaGiRuYPfYsOUkf8="
        },
        "locate-path": {
            "version": "3.0.0",
            "resolved": "https://registry.npmjs.org/locate-path/-/locate-path-3.0.0.tgz",
            "integrity": "sha512-7AO748wWnIhNqAuaty2ZWHkQHRSNfPVIsPIfwEOWO22AmaoVrWavlOcMR5nzTLNYvp36X220/maaRsrec1G65A==",
            "requires": {
                "p-locate": "^3.0.0",
                "path-exists": "^3.0.0"
            }
        },
        "p-limit": {
            "version": "2.3.0",
            "resolved": "https://registry.npmjs.org/p-limit/-/p-limit-2.3.0.tgz",
            "integrity": "sha512-//88mFWSJx8lxCzwdAABTJL2MyWB12+eIY7MDL2SqLmAkeKU9qxRvWuSyTjm3FUmpBEMuFfckAIqEaVGUDxb6w==",
            "requires": {
                "p-try": "^2.0.0"
            }
        },
        "p-locate": {
            "version": "3.0.0",
            "resolved": "https://registry.npmjs.org/p-locate/-/p-locate-3.0.0.tgz",
            "integrity": "sha512-x+12w/To+4GFfgJhBEpiDcLozRJGegY+Ei7/z0tSLkMmxGZNybVMSfWj9aJn8Z5Fc7dBUNJOOVgPv2H7IwulSQ==",
            "requires": {
                "p-limit": "^2.0.0"
            }
        },
        "p-try": {
            "version": "2.2.0",
            "resolved": "https://registry.npmjs.org/p-try/-/p-try-2.2.0.tgz",
            "integrity": "sha512-R4nPAVTAU0B9D35/Gk3uJf/7XYbQcyohSKdvAxIRSNghFl4e71hVoGnBNQz9cWaXxO2I10KTC+3jMdvvoKw6dQ=="
        },
        "path": {
            "version": "0.12.7",
            "resolved": "https://registry.npmjs.org/path/-/path-0.12.7.tgz",
            "integrity": "sha1-1NwqUGxM4hl+tIHr/NWzbAFAsQ8=",
            "requires": {
                "process": "^0.11.1",
                "util": "^0.10.3"
            }
        },
        "path-exists": {
            "version": "3.0.0",
            "resolved": "https://registry.npmjs.org/path-exists/-/path-exists-3.0.0.tgz",
            "integrity": "sha1-zg6+ql94yxiSXqfYENe1mwEP1RU="
        },
        "posthtml": {
            "version": "0.16.5",
            "resolved": "https://registry.npmjs.org/posthtml/-/posthtml-0.16.5.tgz",
            "integrity": "sha512-1qOuPsywVlvymhTFIBniDXwUDwvlDri5KUQuBqjmCc8Jj4b/HDSVWU//P6rTWke5rzrk+vj7mms2w8e1vD0nnw==",
            "requires": {
                "posthtml-parser": "^0.10.0",
                "posthtml-render": "^3.0.0"
            }
        },
        "posthtml-parser": {
            "version": "0.10.1",
            "resolved": "https://registry.npmjs.org/posthtml-parser/-/posthtml-parser-0.10.1.tgz",
            "integrity": "sha512-i7w2QEHqiGtsvNNPty0Mt/+ERch7wkgnFh3+JnBI2VgDbGlBqKW9eDVd3ENUhE1ujGFe3e3E/odf7eKhvLUyDg==",
            "requires": {
                "htmlparser2": "^7.1.1"
            }
        },
        "posthtml-render": {
            "version": "3.0.0",
            "resolved": "https://registry.npmjs.org/posthtml-render/-/posthtml-render-3.0.0.tgz",
            "integrity": "sha512-z+16RoxK3fUPgwaIgH9NGnK1HKY9XIDpydky5eQGgAFVXTCSezalv9U2jQuNV+Z9qV1fDWNzldcw4eK0SSbqKA==",
            "requires": {
                "is-json": "^2.0.1"
            }
        },
        "posthtml-toc": {
            "version": "1.0.3",
            "resolved": "https://registry.npmjs.org/posthtml-toc/-/posthtml-toc-1.0.3.tgz",
            "integrity": "sha512-b2ZBRQ8IT3zkO+P2/q3wFNr6KvZq7rHvL2HOaIeM3wXsYo+AC8vga+kbiDTDefHjm2Mihj+pPTwNy1pWmTvOZg=="
        },
        "process": {
            "version": "0.11.10",
            "resolved": "https://registry.npmjs.org/process/-/process-0.11.10.tgz",
            "integrity": "sha1-czIwDoQBYb2j5podHZGn1LwW8YI="
        },
        "require-directory": {
            "version": "2.1.1",
            "resolved": "https://registry.npmjs.org/require-directory/-/require-directory-2.1.1.tgz",
            "integrity": "sha1-jGStX9MNqxyXbiNE/+f3kqam30I="
        },
        "require-main-filename": {
            "version": "2.0.0",
            "resolved": "https://registry.npmjs.org/require-main-filename/-/require-main-filename-2.0.0.tgz",
            "integrity": "sha512-NKN5kMDylKuldxYLSUfrbo5Tuzh4hd+2E8NPPX02mZtn1VuREQToYe/ZdlJy+J3uCpfaiGF05e7B8W0iXbQHmg=="
        },
        "set-blocking": {
            "version": "2.0.0",
            "resolved": "https://registry.npmjs.org/set-blocking/-/set-blocking-2.0.0.tgz",
            "integrity": "sha1-BF+XgtARrppoA93TgrJDkrPYkPc="
        },
        "showdown": {
            "version": "1.9.1",
            "resolved": "https://registry.npmjs.org/showdown/-/showdown-1.9.1.tgz",
            "integrity": "sha512-9cGuS382HcvExtf5AHk7Cb4pAeQQ+h0eTr33V1mu+crYWV4KvWAw6el92bDrqGEk5d46Ai/fhbEUwqJ/mTCNEA==",
            "requires": {
                "yargs": "^14.2"
            }
        },
        "string-width": {
            "version": "3.1.0",
            "resolved": "https://registry.npmjs.org/string-width/-/string-width-3.1.0.tgz",
            "integrity": "sha512-vafcv6KjVZKSgz06oM/H6GDBrAtz8vdhQakGjFIvNrHA6y3HCF1CInLy+QLq8dTJPQ1b+KDUqDFctkdRW44e1w==",
            "requires": {
                "emoji-regex": "^7.0.1",
                "is-fullwidth-code-point": "^2.0.0",
                "strip-ansi": "^5.1.0"
            }
        },
        "strip-ansi": {
            "version": "5.2.0",
            "resolved": "https://registry.npmjs.org/strip-ansi/-/strip-ansi-5.2.0.tgz",
            "integrity": "sha512-DuRs1gKbBqsMKIZlrffwlug8MHkcnpjs5VPmL1PAh+mA30U0DTotfDZ0d2UUsXpPmPmMMJ6W773MaA3J+lbiWA==",
            "requires": {
                "ansi-regex": "^4.1.0"
            }
        },
        "util": {
            "version": "0.10.4",
            "resolved": "https://registry.npmjs.org/util/-/util-0.10.4.tgz",
            "integrity": "sha512-0Pm9hTQ3se5ll1XihRic3FDIku70C+iHUdT/W926rSgHV5QgXsYbKZN8MSC3tJtSkhuROzvsQjAaFENRXr+19A==",
            "requires": {
                "inherits": "2.0.3"
            },
            "dependencies": {
                "inherits": {
                    "version": "2.0.3",
                    "resolved": "https://registry.npmjs.org/inherits/-/inherits-2.0.3.tgz",
                    "integrity": "sha1-Yzwsg+PaQqUC9SRmAiSA9CCCYd4="
                }
            }
        },
        "which-module": {
            "version": "2.0.0",
            "resolved": "https://registry.npmjs.org/which-module/-/which-module-2.0.0.tgz",
            "integrity": "sha1-2e8H3Od7mQK4o6j6SzHD4/fm6Ho="
        },
        "wrap-ansi": {
            "version": "5.1.0",
            "resolved": "https://registry.npmjs.org/wrap-ansi/-/wrap-ansi-5.1.0.tgz",
            "integrity": "sha512-QC1/iN/2/RPVJ5jYK8BGttj5z83LmSKmvbvrXPNCLZSEb32KKVDJDl/MOt2N01qU2H/FkzEa9PKto1BqDjtd7Q==",
            "requires": {
                "ansi-styles": "^3.2.0",
                "string-width": "^3.0.0",
                "strip-ansi": "^5.0.0"
            }
        },
        "y18n": {
            "version": "4.0.3",
            "resolved": "https://registry.npmjs.org/y18n/-/y18n-4.0.3.tgz",
            "integrity": "sha512-JKhqTOwSrqNA1NY5lSztJ1GrBiUodLMmIZuLiDaMRJ+itFd+ABVE8XBjOvIWL+rSqNDC74LCSFmlb/U4UZ4hJQ=="
        },
        "yargs": {
            "version": "14.2.3",
            "resolved": "https://registry.npmjs.org/yargs/-/yargs-14.2.3.tgz",
            "integrity": "sha512-ZbotRWhF+lkjijC/VhmOT9wSgyBQ7+zr13+YLkhfsSiTriYsMzkTUFP18pFhWwBeMa5gUc1MzbhrO6/VB7c9Xg==",
            "requires": {
                "cliui": "^5.0.0",
                "decamelize": "^1.2.0",
                "find-up": "^3.0.0",
                "get-caller-file": "^2.0.1",
                "require-directory": "^2.1.1",
                "require-main-filename": "^2.0.0",
                "set-blocking": "^2.0.0",
                "string-width": "^3.0.0",
                "which-module": "^2.0.0",
                "y18n": "^4.0.0",
                "yargs-parser": "^15.0.1"
            }
        },
        "yargs-parser": {
            "version": "15.0.3",
            "resolved": "https://registry.npmjs.org/yargs-parser/-/yargs-parser-15.0.3.tgz",
            "integrity": "sha512-/MVEVjTXy/cGAjdtQf8dW3V9b97bPN7rNn8ETj6BmAQL7ibC7O1Q9SPJbGjgh3SlwoBNXMzj/ZGIj8mBgl12YA==",
            "requires": {
                "camelcase": "^5.0.0",
                "decamelize": "^1.2.0"
            }
        }
    }
}
